
Microsoft Visual Studio Solution File, Format Version 12.00
# Visual Studio 15
VisualStudioVersion = 15.0.28307.329
MinimumVisualStudioVersion = 10.0.40219.1
Project("{FAE04EC0-301F-11D3-BF4B-00C04F79EFBC}") = "CsharpRestClient", "CsharpRestClient\CsharpRestClient.csproj", "{2FB0D5D3-22DC-4983-99D9-AF572CDF53B5}"
EndProject
Global
	GlobalSection(SolutionConfigurationPlatforms) = preSolution
		Debug|Any CPU = Debug|Any CPU
		Release|Any CPU = Release|Any CPU
	EndGlobalSection
	GlobalSection(ProjectConfigurationPlatforms) = postSolution
		{2FB0D5D3-22DC-4983-99D9-AF572CDF53B5}.Debug|Any CPU.ActiveCfg = Debug|Any CPU
		{2FB0D5D3-22DC-4983-99D9-AF572CDF53B5}.Debug|Any CPU.Build.0 = Debug|Any CPU
		{2FB0D5D3-22DC-4983-99D9-AF572CDF53B5}.Release|Any CPU.ActiveCfg = Release|Any CPU
		{2FB0D5D3-22DC-4983-99D9-AF572CDF53B5}.Release|Any CPU.Build.0 = Release|Any CPU
	EndGlobalSection
	GlobalSection(SolutionProperties) = preSolution
		HideSolutionNode = FALSE
	EndGlobalSection
	GlobalSection(ExtensibilityGlobals) = postSolution
		SolutionGuid = {26AC00B4-D0F0-4924-A213-D1A892B78292}
	EndGlobalSection
EndGlobal
